
Microsoft Visual Studio Solution File, Format Version 12.00
# Visual Studio Version 17
VisualStudioVersion = 17.11.35312.102
MinimumVisualStudioVersion = 10.0.40219.1
Project("{FAE04EC0-301F-11D3-BF4B-00C04F79EFBC}") = "Backend", "Backend\Backend.csproj", "{C6886871-1C3C-4592-BD65-9F0F66D1A307}"
EndProject
Global
	GlobalSection(SolutionConfigurationPlatforms) = preSolution
		Debug|Any CPU = Debug|Any CPU
		Release|Any CPU = Release|Any CPU
	EndGlobalSection
	GlobalSection(ProjectConfigurationPlatforms) = postSolution
		{C6886871-1C3C-4592-BD65-9F0F66D1A307}.Debug|Any CPU.ActiveCfg = Debug|Any CPU
		{C6886871-1C3C-4592-BD65-9F0F66D1A307}.Debug|Any CPU.Build.0 = Debug|Any CPU
		{C6886871-1C3C-4592-BD65-9F0F66D1A307}.Release|Any CPU.ActiveCfg = Release|Any CPU
		{C6886871-1C3C-4592-BD65-9F0F66D1A307}.Release|Any CPU.Build.0 = Release|Any CPU
	EndGlobalSection
	GlobalSection(SolutionProperties) = preSolution
		HideSolutionNode = FALSE
	EndGlobalSection
	GlobalSection(ExtensibilityGlobals) = postSolution
		SolutionGuid = {10F0BE06-CB2B-4C72-B309-DD366EF98C7D}
	EndGlobalSection
EndGlobal
